# @generated - this file is auto-generated by `mise lock` https://mise.jdx.dev/dev-tools/mise-lock.html

[[tools.actionlint]]
version = "1.7.12"
backend = "aqua:rhysd/actionlint"

[tools.actionlint."platforms.linux-arm64"]
checksum = "sha256:325e971b6ba9bfa504672e29be93c24981eeb1c07576d730e9f7c8805afff0c6"
url = "https://github.com/rhysd/actionlint/releases/download/v1.7.12/actionlint_1.7.12_linux_arm64.tar.gz"
provenance = "github-attestations"

[tools.actionlint."platforms.linux-arm64-musl"]
checksum = "sha256:325e971b6ba9bfa504672e29be93c24981eeb1c07576d730e9f7c8805afff0c6"
url = "https://github.com/rhysd/actionlint/releases/download/v1.7.12/actionlint_1.7.12_linux_arm64.tar.gz"

[tools.actionlint."platforms.linux-x64"]
checksum = "sha256:8aca8db96f1b94770f1b0d72b6dddcb1ebb8123cb3712530b08cc387b349a3d8"
url = "https://github.com/rhysd/actionlint/releases/download/v1.7.12/actionlint_1.7.12_linux_amd64.tar.gz"
provenance = "github-attestations"

[tools.actionlint."platforms.linux-x64-musl"]
checksum = "sha256:8aca8db96f1b94770f1b0d72b6dddcb1ebb8123cb3712530b08cc387b349a3d8"
url = "https://github.com/rhysd/actionlint/releases/download/v1.7.12/actionlint_1.7.12_linux_amd64.tar.gz"

[tools.actionlint."platforms.macos-arm64"]
checksum = "sha256:aba9ced2dee8d27fecca3dc7feb1a7f9a52caefa1eb46f3271ea66b6e0e6953f"
url = "https://github.com/rhysd/actionlint/releases/download/v1.7.12/actionlint_1.7.12_darwin_arm64.tar.gz"

[tools.actionlint."platforms.macos-x64"]
checksum = "sha256:5b44c3bc2255115c9b69e30efc0fecdf498fdb63c5d58e17084fd5f16324c644"
url = "https://github.com/rhysd/actionlint/releases/download/v1.7.12/actionlint_1.7.12_darwin_amd64.tar.gz"

[tools.actionlint."platforms.windows-x64"]
checksum = "sha256:6e7241b51e6817ea6a047693d8e6fed13b31819c9a0dd6c5a726e1592d22f6e9"
url = "https://github.com/rhysd/actionlint/releases/download/v1.7.12/actionlint_1.7.12_windows_amd64.zip"

[[tools.age]]
version = "1.2.1"
backend = "aqua:FiloSottile/age"

[tools.age."platforms.linux-arm64"]
checksum = "blake3:2ddc752857b1f0e47fedbf13c5edb82d5b310a7361d03a0ad20239eb2c6c384d"
url = "https://github.com/FiloSottile/age/releases/download/v1.2.1/age-v1.2.1-linux-arm64.tar.gz"

[tools.age."platforms.linux-arm64-musl"]
url = "https://github.com/FiloSottile/age/releases/download/v1.2.1/age-v1.2.1-linux-arm64.tar.gz"

[tools.age."platforms.linux-x64"]
checksum = "blake3:8441277927f75428a6d22897a5cc05e8cdc03562d7a203b2bb9a7c6cd1d0c3bd"
url = "https://github.com/FiloSottile/age/releases/download/v1.2.1/age-v1.2.1-linux-amd64.tar.gz"

[tools.age."platforms.linux-x64-musl"]
url = "https://github.com/FiloSottile/age/releases/download/v1.2.1/age-v1.2.1-linux-amd64.tar.gz"

[tools.age."platforms.macos-arm64"]
url = "https://github.com/FiloSottile/age/releases/download/v1.2.1/age-v1.2.1-darwin-arm64.tar.gz"

[tools.age."platforms.macos-x64"]
url = "https://github.com/FiloSottile/age/releases/download/v1.2.1/age-v1.2.1-darwin-amd64.tar.gz"

[tools.age."platforms.windows-x64"]
url = "https://github.com/FiloSottile/age/releases/download/v1.2.1/age-v1.2.1-windows-amd64.zip"

[[tools.bats]]
version = "1.11.1"
backend = "aqua:bats-core/bats-core"

[tools.bats."platforms.linux-arm64"]
url = "https://github.com/bats-core/bats-core/archive/refs/tags/v1.11.1.tar.gz"

[tools.bats."platforms.linux-arm64-musl"]
url = "https://github.com/bats-core/bats-core/archive/refs/tags/v1.11.1.tar.gz"

[tools.bats."platforms.linux-x64"]
url = "https://github.com/bats-core/bats-core/archive/refs/tags/v1.11.1.tar.gz"

[tools.bats."platforms.linux-x64-musl"]
url = "https://github.com/bats-core/bats-core/archive/refs/tags/v1.11.1.tar.gz"

[tools.bats."platforms.macos-arm64"]
url = "https://github.com/bats-core/bats-core/archive/refs/tags/v1.11.1.tar.gz"

[tools.bats."platforms.macos-x64"]
url = "https://github.com/bats-core/bats-core/archive/refs/tags/v1.11.1.tar.gz"

[[tools.checkov]]
version = "3.2.513"
backend = "aqua:bridgecrewio/checkov"

[tools.checkov."platforms.linux-arm64"]
checksum = "sha256:7abadb59bdd59cdb7e3fb280151609379b87396c5bd0e31a0fd3a7343923a03f"
url = "https://github.com/bridgecrewio/checkov/releases/download/3.2.513/checkov_linux_arm64.zip"

[tools.checkov."platforms.linux-arm64-musl"]
checksum = "sha256:7abadb59bdd59cdb7e3fb280151609379b87396c5bd0e31a0fd3a7343923a03f"
url = "https://github.com/bridgecrewio/checkov/releases/download/3.2.513/checkov_linux_arm64.zip"

[tools.checkov."platforms.linux-x64"]
checksum = "sha256:b9275458b9afced16c4aad0540b4c7a4721ab2132fc0e76cd03ea5de8141f95e"
url = "https://github.com/bridgecrewio/checkov/releases/download/3.2.513/checkov_linux_X86_64.zip"

[tools.checkov."platforms.linux-x64-musl"]
checksum = "sha256:b9275458b9afced16c4aad0540b4c7a4721ab2132fc0e76cd03ea5de8141f95e"
url = "https://github.com/bridgecrewio/checkov/releases/download/3.2.513/checkov_linux_X86_64.zip"

[tools.checkov."platforms.macos-arm64"]
checksum = "sha256:22d1c554a9dc9adcdfa82e8b3a864070c9a2f3536eb104fb094f333e4e55a155"
url = "https://github.com/bridgecrewio/checkov/releases/download/3.2.513/checkov_darwin_X86_64.zip"

[tools.checkov."platforms.macos-x64"]
checksum = "sha256:22d1c554a9dc9adcdfa82e8b3a864070c9a2f3536eb104fb094f333e4e55a155"
url = "https://github.com/bridgecrewio/checkov/releases/download/3.2.513/checkov_darwin_X86_64.zip"

[tools.checkov."platforms.windows-x64"]
checksum = "sha256:35149349d2213a093303679315b7de5eaf432c7bd52c70bd9276e41ee1c5808e"
url = "https://github.com/bridgecrewio/checkov/releases/download/3.2.513/checkov_windows_X86_64.zip"

[[tools.cocogitto]]
version = "7.0.0"
backend = "aqua:cocogitto/cocogitto"

[tools.cocogitto."platforms.linux-arm64"]
checksum = "sha256:379949f50c4f8245ef9532913e83f351c048b55e40ebd52ed8a850642c07a753"
url = "https://github.com/cocogitto/cocogitto/releases/download/7.0.0/cocogitto-7.0.0-aarch64-unknown-linux-gnu.tar.gz"

[tools.cocogitto."platforms.linux-arm64-musl"]
checksum = "sha256:379949f50c4f8245ef9532913e83f351c048b55e40ebd52ed8a850642c07a753"
url = "https://github.com/cocogitto/cocogitto/releases/download/7.0.0/cocogitto-7.0.0-aarch64-unknown-linux-gnu.tar.gz"

[tools.cocogitto."platforms.linux-x64"]
checksum = "sha256:e03938ff2c4c86d71c00c0f3284dbbe95c5ca76fe34a51f33e945c23010d59bb"
url = "https://github.com/cocogitto/cocogitto/releases/download/7.0.0/cocogitto-7.0.0-x86_64-unknown-linux-musl.tar.gz"

[tools.cocogitto."platforms.linux-x64-musl"]
checksum = "sha256:e03938ff2c4c86d71c00c0f3284dbbe95c5ca76fe34a51f33e945c23010d59bb"
url = "https://github.com/cocogitto/cocogitto/releases/download/7.0.0/cocogitto-7.0.0-x86_64-unknown-linux-musl.tar.gz"

[tools.cocogitto."platforms.macos-arm64"]
checksum = "sha256:429303b6d68c6461aa221ab4de82b26d0bbcdee7127947ea9c7c411ab9bc574c"
url = "https://github.com/cocogitto/cocogitto/releases/download/7.0.0/cocogitto-7.0.0-aarch64-apple-darwin.tar.gz"

[tools.cocogitto."platforms.macos-x64"]
checksum = "sha256:591dcd462e2e35ecc21caf41a15a65d464b7ce1ce8a5c299fa0d46a7798dddb0"
url = "https://github.com/cocogitto/cocogitto/releases/download/7.0.0/cocogitto-7.0.0-x86_64-apple-darwin.tar.gz"

[tools.cocogitto."platforms.windows-x64"]
checksum = "sha256:074f68f05d270da5c0d69d3e234ec362bec4c6e3189c21d1c948d038603655d7"
url = "https://github.com/cocogitto/cocogitto/releases/download/7.0.0/cocogitto-7.0.0-x86_64-pc-windows-msvc.tar.gz"

[[tools.docker-compose]]
version = "5.1.1"
backend = "aqua:docker/compose"

[tools.docker-compose."platforms.linux-arm64"]
checksum = "sha256:4b5c42952b7dd81f508d01a771df2a9e5dbffe9b8c5c7d983e738504ad38f056"
url = "https://github.com/docker/compose/releases/download/v5.1.1/docker-compose-linux-aarch64"

[tools.docker-compose."platforms.linux-arm64-musl"]
checksum = "sha256:4b5c42952b7dd81f508d01a771df2a9e5dbffe9b8c5c7d983e738504ad38f056"
url = "https://github.com/docker/compose/releases/download/v5.1.1/docker-compose-linux-aarch64"

[tools.docker-compose."platforms.linux-x64"]
checksum = "sha256:2ac954c9d506b912a12477d72f01601dc72ec918c429c7bae48fd707bdf0f3e5"
url = "https://github.com/docker/compose/releases/download/v5.1.1/docker-compose-linux-x86_64"

[tools.docker-compose."platforms.linux-x64-musl"]
checksum = "sha256:2ac954c9d506b912a12477d72f01601dc72ec918c429c7bae48fd707bdf0f3e5"
url = "https://github.com/docker/compose/releases/download/v5.1.1/docker-compose-linux-x86_64"

[tools.docker-compose."platforms.macos-arm64"]
checksum = "sha256:7b10566e09366d1c22222eb0726805b8c488b4109e63689fd6c543d0006504e2"
url = "https://github.com/docker/compose/releases/download/v5.1.1/docker-compose-darwin-aarch64"

[tools.docker-compose."platforms.macos-x64"]
checksum = "sha256:2d1845ad583a08095b469547dc1bee2a985d1db3b62bc478f88361b85c8ff0e9"
url = "https://github.com/docker/compose/releases/download/v5.1.1/docker-compose-darwin-x86_64"

[tools.docker-compose."platforms.windows-x64"]
checksum = "sha256:f7ad2f6965c88153e4902019ec86e95414f0025cba0b6440f328f935a1f8b12b"
url = "https://github.com/docker/compose/releases/download/v5.1.1/docker-compose-windows-x86_64.exe"

[[tools.dotenv-linter]]
version = "4.0.0"
backend = "aqua:dotenv-linter/dotenv-linter"

[tools.dotenv-linter."platforms.linux-x64"]
checksum = "sha256:9e2f1f6eb88a71ac15ef209f78f5a68644db82f132d2677112b4f80ec2bd2127"
url = "https://github.com/dotenv-linter/dotenv-linter/releases/download/v4.0.0/dotenv-linter-linux-x86_64.tar.gz"

[tools.dotenv-linter."platforms.linux-x64-musl"]
checksum = "sha256:9e2f1f6eb88a71ac15ef209f78f5a68644db82f132d2677112b4f80ec2bd2127"
url = "https://github.com/dotenv-linter/dotenv-linter/releases/download/v4.0.0/dotenv-linter-linux-x86_64.tar.gz"

[tools.dotenv-linter."platforms.macos-arm64"]
checksum = "sha256:143361bcd3c859cac0b16a6eaa51f3f69f270f17a55431e2e44d76722a7f0271"
url = "https://github.com/dotenv-linter/dotenv-linter/releases/download/v4.0.0/dotenv-linter-darwin-x86_64.tar.gz"

[tools.dotenv-linter."platforms.macos-x64"]
checksum = "sha256:143361bcd3c859cac0b16a6eaa51f3f69f270f17a55431e2e44d76722a7f0271"
url = "https://github.com/dotenv-linter/dotenv-linter/releases/download/v4.0.0/dotenv-linter-darwin-x86_64.tar.gz"

[tools.dotenv-linter."platforms.windows-x64"]
checksum = "sha256:771214659b86d2de5c8c5214e6d59484ceb0de8a87037d488ce37d6ca6f6cc1a"
url = "https://github.com/dotenv-linter/dotenv-linter/releases/download/v4.0.0/dotenv-linter-win-x64.zip"

[[tools.dprint]]
version = "0.53.2"
backend = "aqua:dprint/dprint"

[tools.dprint."platforms.linux-arm64"]
checksum = "sha256:c3843a4604dac7428f41f762c4c352e409c63bd634172765bbac482dc59773ba"
url = "https://github.com/dprint/dprint/releases/download/0.53.2/dprint-aarch64-unknown-linux-musl.zip"

[tools.dprint."platforms.linux-arm64-musl"]
checksum = "sha256:c3843a4604dac7428f41f762c4c352e409c63bd634172765bbac482dc59773ba"
url = "https://github.com/dprint/dprint/releases/download/0.53.2/dprint-aarch64-unknown-linux-musl.zip"

[tools.dprint."platforms.linux-x64"]
checksum = "sha256:7ff2cf9b25c687bd59867528ae9a5526c17e75e82e9788bf1f84a0e3ca7163b6"
url = "https://github.com/dprint/dprint/releases/download/0.53.2/dprint-x86_64-unknown-linux-musl.zip"

[tools.dprint."platforms.linux-x64-musl"]
checksum = "sha256:7ff2cf9b25c687bd59867528ae9a5526c17e75e82e9788bf1f84a0e3ca7163b6"
url = "https://github.com/dprint/dprint/releases/download/0.53.2/dprint-x86_64-unknown-linux-musl.zip"

[tools.dprint."platforms.macos-arm64"]
checksum = "sha256:a185ba53f74e1e3a8ccdaf03a5d6f96b67d3fdf3f86d0d0f98950d15817eb0c4"
url = "https://github.com/dprint/dprint/releases/download/0.53.2/dprint-aarch64-apple-darwin.zip"

[tools.dprint."platforms.macos-x64"]
checksum = "sha256:902a9cff86a0ce643d5f1bb53e3e2434096511542363924e18016ee7bedb769f"
url = "https://github.com/dprint/dprint/releases/download/0.53.2/dprint-x86_64-apple-darwin.zip"

[tools.dprint."platforms.windows-x64"]
checksum = "sha256:f18910879d6796b05b0666513391ab7963b346723c041dc4d777d3f43179e416"
url = "https://github.com/dprint/dprint/releases/download/0.53.2/dprint-x86_64-pc-windows-msvc.zip"

[[tools.git-cliff]]
version = "2.12.0"
backend = "aqua:orhun/git-cliff"

[tools.git-cliff."platforms.linux-arm64"]
checksum = "sha256:a2d262b389aed349e0564aaaa38a44015c98a951048923b086d6cf732f6dbbaf"
url = "https://github.com/orhun/git-cliff/releases/download/v2.12.0/git-cliff-2.12.0-aarch64-unknown-linux-musl.tar.gz"

[tools.git-cliff."platforms.linux-arm64-musl"]
checksum = "sha256:a2d262b389aed349e0564aaaa38a44015c98a951048923b086d6cf732f6dbbaf"
url = "https://github.com/orhun/git-cliff/releases/download/v2.12.0/git-cliff-2.12.0-aarch64-unknown-linux-musl.tar.gz"

[tools.git-cliff."platforms.linux-x64"]
checksum = "sha256:c89a7bc55f3c51f391938aa3fa560125109695c1930d927879daea68dd786420"
url = "https://github.com/orhun/git-cliff/releases/download/v2.12.0/git-cliff-2.12.0-x86_64-unknown-linux-musl.tar.gz"

[tools.git-cliff."platforms.linux-x64-musl"]
checksum = "sha256:c89a7bc55f3c51f391938aa3fa560125109695c1930d927879daea68dd786420"
url = "https://github.com/orhun/git-cliff/releases/download/v2.12.0/git-cliff-2.12.0-x86_64-unknown-linux-musl.tar.gz"

[tools.git-cliff."platforms.macos-arm64"]
checksum = "sha256:2ae72a0061bee98d0e375f2ea8e0f4b23b4915ac2e37fa45a705066de49b43a0"
url = "https://github.com/orhun/git-cliff/releases/download/v2.12.0/git-cliff-2.12.0-aarch64-apple-darwin.tar.gz"

[tools.git-cliff."platforms.macos-x64"]
checksum = "sha256:fd4bce35ea8a6f3af6ac4891073781ca24c654c36c83c865bc30bab332c05a14"
url = "https://github.com/orhun/git-cliff/releases/download/v2.12.0/git-cliff-2.12.0-x86_64-apple-darwin.tar.gz"

[tools.git-cliff."platforms.windows-x64"]
checksum = "sha256:f2b8c692d9488c3313d7786e2099976151c10fd8f76580b12d045bb9683a8379"
url = "https://github.com/orhun/git-cliff/releases/download/v2.12.0/git-cliff-2.12.0-x86_64-pc-windows-msvc.zip"

[[tools.gitleaks]]
version = "8.30.1"
backend = "aqua:gitleaks/gitleaks"

[tools.gitleaks."platforms.linux-arm64"]
checksum = "sha256:e4a487ee7ccd7d3a7f7ec08657610aa3606637dab924210b3aee62570fb4b080"
url = "https://github.com/gitleaks/gitleaks/releases/download/v8.30.1/gitleaks_8.30.1_linux_arm64.tar.gz"

[tools.gitleaks."platforms.linux-arm64-musl"]
checksum = "sha256:e4a487ee7ccd7d3a7f7ec08657610aa3606637dab924210b3aee62570fb4b080"
url = "https://github.com/gitleaks/gitleaks/releases/download/v8.30.1/gitleaks_8.30.1_linux_arm64.tar.gz"

[tools.gitleaks."platforms.linux-x64"]
checksum = "sha256:551f6fc83ea457d62a0d98237cbad105af8d557003051f41f3e7ca7b3f2470eb"
url = "https://github.com/gitleaks/gitleaks/releases/download/v8.30.1/gitleaks_8.30.1_linux_x64.tar.gz"

[tools.gitleaks."platforms.linux-x64-musl"]
checksum = "sha256:551f6fc83ea457d62a0d98237cbad105af8d557003051f41f3e7ca7b3f2470eb"
url = "https://github.com/gitleaks/gitleaks/releases/download/v8.30.1/gitleaks_8.30.1_linux_x64.tar.gz"

[tools.gitleaks."platforms.macos-arm64"]
checksum = "sha256:b40ab0ae55c505963e365f271a8d3846efbc170aa17f2607f13df610a9aeb6a5"
url = "https://github.com/gitleaks/gitleaks/releases/download/v8.30.1/gitleaks_8.30.1_darwin_arm64.tar.gz"

[tools.gitleaks."platforms.macos-x64"]
checksum = "sha256:dfe101a4db2255fc85120ac7f3d25e4342c3c20cf749f2c20a18081af1952709"
url = "https://github.com/gitleaks/gitleaks/releases/download/v8.30.1/gitleaks_8.30.1_darwin_x64.tar.gz"

[tools.gitleaks."platforms.windows-x64"]
checksum = "sha256:d29144deff3a68aa93ced33dddf84b7fdc26070add4aa0f4513094c8332afc4e"
url = "https://github.com/gitleaks/gitleaks/releases/download/v8.30.1/gitleaks_8.30.1_windows_x64.zip"

[[tools.lefthook]]
version = "2.1.4"
backend = "aqua:evilmartians/lefthook"

[tools.lefthook."platforms.linux-arm64"]
checksum = "sha256:68f563d14ff2d24539c2c09cfab32895081282a52d08da14f14268de851e7144"
url = "https://github.com/evilmartians/lefthook/releases/download/v2.1.4/lefthook_2.1.4_Linux_aarch64.gz"
provenance = "github-attestations"

[tools.lefthook."platforms.linux-arm64-musl"]
checksum = "sha256:68f563d14ff2d24539c2c09cfab32895081282a52d08da14f14268de851e7144"
url = "https://github.com/evilmartians/lefthook/releases/download/v2.1.4/lefthook_2.1.4_Linux_aarch64.gz"

[tools.lefthook."platforms.linux-x64"]
checksum = "sha256:991a11fb98c853dbecf7de3fe7f4b5648872f4279ac2b50ef3302f0a058c99bd"
url = "https://github.com/evilmartians/lefthook/releases/download/v2.1.4/lefthook_2.1.4_Linux_x86_64.gz"
provenance = "github-attestations"

[tools.lefthook."platforms.linux-x64-musl"]
checksum = "sha256:991a11fb98c853dbecf7de3fe7f4b5648872f4279ac2b50ef3302f0a058c99bd"
url = "https://github.com/evilmartians/lefthook/releases/download/v2.1.4/lefthook_2.1.4_Linux_x86_64.gz"

[tools.lefthook."platforms.macos-arm64"]
checksum = "sha256:41fa330710344f66683edb2ee19dfd531e9469bebf7c89ef8e201263565c12ad"
url = "https://github.com/evilmartians/lefthook/releases/download/v2.1.4/lefthook_2.1.4_MacOS_arm64.gz"

[tools.lefthook."platforms.macos-x64"]
checksum = "sha256:1b59f28e460577150b0b5c1fb1a3cc3868fb4cee9c76900daa85ba99ca37b4a1"
url = "https://github.com/evilmartians/lefthook/releases/download/v2.1.4/lefthook_2.1.4_MacOS_x86_64.gz"

[tools.lefthook."platforms.windows-x64"]
checksum = "sha256:f76f1a38e7e918c772bfb03071ca7cf9b87b51b6b56d8332dcf391f99841f561"
url = "https://github.com/evilmartians/lefthook/releases/download/v2.1.4/lefthook_2.1.4_Windows_x86_64.gz"

[[tools.pipx]]
version = "1.11.1"
backend = "aqua:pypa/pipx"

[tools.pipx."platforms.linux-arm64"]
checksum = "sha256:60c947d2449af642c17079a2119ef87e426ad83967b8bb223bb27c802fc29ccd"
url = "https://github.com/pypa/pipx/releases/download/1.11.1/pipx.pyz"

[tools.pipx."platforms.linux-arm64-musl"]
checksum = "sha256:60c947d2449af642c17079a2119ef87e426ad83967b8bb223bb27c802fc29ccd"
url = "https://github.com/pypa/pipx/releases/download/1.11.1/pipx.pyz"

[tools.pipx."platforms.linux-x64"]
checksum = "sha256:60c947d2449af642c17079a2119ef87e426ad83967b8bb223bb27c802fc29ccd"
url = "https://github.com/pypa/pipx/releases/download/1.11.1/pipx.pyz"

[tools.pipx."platforms.linux-x64-musl"]
checksum = "sha256:60c947d2449af642c17079a2119ef87e426ad83967b8bb223bb27c802fc29ccd"
url = "https://github.com/pypa/pipx/releases/download/1.11.1/pipx.pyz"

[tools.pipx."platforms.macos-arm64"]
checksum = "sha256:60c947d2449af642c17079a2119ef87e426ad83967b8bb223bb27c802fc29ccd"
url = "https://github.com/pypa/pipx/releases/download/1.11.1/pipx.pyz"

[tools.pipx."platforms.macos-x64"]
checksum = "sha256:60c947d2449af642c17079a2119ef87e426ad83967b8bb223bb27c802fc29ccd"
url = "https://github.com/pypa/pipx/releases/download/1.11.1/pipx.pyz"

[[tools."pipx:check-jsonschema"]]
version = "0.37.1"
backend = "pipx:check-jsonschema"

[[tools."pipx:checkov"]]
version = "3.2.513"
backend = "pipx:checkov"

[[tools."pipx:mkdocs-material"]]
version = "9.7.6"
backend = "pipx:mkdocs-material"

[tools."pipx:mkdocs-material".options]
pipx_args = "--include-deps"
uvx = "false"

[[tools."pipx:yamllint"]]
version = "1.38.0"
backend = "pipx:yamllint"

[[tools.shellcheck]]
version = "0.11.0"
backend = "aqua:koalaman/shellcheck"

[tools.shellcheck."platforms.linux-arm64"]
checksum = "sha256:12b331c1d2db6b9eb13cfca64306b1b157a86eb69db83023e261eaa7e7c14588"
url = "https://github.com/koalaman/shellcheck/releases/download/v0.11.0/shellcheck-v0.11.0.linux.aarch64.tar.xz"

[tools.shellcheck."platforms.linux-arm64-musl"]
checksum = "sha256:12b331c1d2db6b9eb13cfca64306b1b157a86eb69db83023e261eaa7e7c14588"
url = "https://github.com/koalaman/shellcheck/releases/download/v0.11.0/shellcheck-v0.11.0.linux.aarch64.tar.xz"

[tools.shellcheck."platforms.linux-x64"]
checksum = "sha256:8c3be12b05d5c177a04c29e3c78ce89ac86f1595681cab149b65b97c4e227198"
url = "https://github.com/koalaman/shellcheck/releases/download/v0.11.0/shellcheck-v0.11.0.linux.x86_64.tar.xz"

[tools.shellcheck."platforms.linux-x64-musl"]
checksum = "sha256:8c3be12b05d5c177a04c29e3c78ce89ac86f1595681cab149b65b97c4e227198"
url = "https://github.com/koalaman/shellcheck/releases/download/v0.11.0/shellcheck-v0.11.0.linux.x86_64.tar.xz"

[tools.shellcheck."platforms.macos-arm64"]
checksum = "sha256:56affdd8de5527894dca6dc3d7e0a99a873b0f004d7aabc30ae407d3f48b0a79"
url = "https://github.com/koalaman/shellcheck/releases/download/v0.11.0/shellcheck-v0.11.0.darwin.aarch64.tar.xz"

[tools.shellcheck."platforms.macos-x64"]
checksum = "sha256:3c89db4edcab7cf1c27bff178882e0f6f27f7afdf54e859fa041fca10febe4c6"
url = "https://github.com/koalaman/shellcheck/releases/download/v0.11.0/shellcheck-v0.11.0.darwin.x86_64.tar.xz"

[tools.shellcheck."platforms.windows-x64"]
checksum = "sha256:8a4e35ab0b331c85d73567b12f2a444df187f483e5079ceffa6bda1faa2e740e"
url = "https://github.com/koalaman/shellcheck/releases/download/v0.11.0/shellcheck-v0.11.0.zip"

[[tools.shfmt]]
version = "3.13.0"
backend = "aqua:mvdan/sh"

[tools.shfmt."platforms.linux-arm64"]
checksum = "sha256:2091a31afd47742051a77bf7cfd175533ab07e924c20ef3151cd108fa1cab5b0"
url = "https://github.com/mvdan/sh/releases/download/v3.13.0/shfmt_v3.13.0_linux_arm64"

[tools.shfmt."platforms.linux-arm64-musl"]
checksum = "sha256:2091a31afd47742051a77bf7cfd175533ab07e924c20ef3151cd108fa1cab5b0"
url = "https://github.com/mvdan/sh/releases/download/v3.13.0/shfmt_v3.13.0_linux_arm64"

[tools.shfmt."platforms.linux-x64"]
checksum = "sha256:70aa99784703a8d6569bbf0b1e43e1a91906a4166bf1a79de42050a6d0de7551"
url = "https://github.com/mvdan/sh/releases/download/v3.13.0/shfmt_v3.13.0_linux_amd64"

[tools.shfmt."platforms.linux-x64-musl"]
checksum = "sha256:70aa99784703a8d6569bbf0b1e43e1a91906a4166bf1a79de42050a6d0de7551"
url = "https://github.com/mvdan/sh/releases/download/v3.13.0/shfmt_v3.13.0_linux_amd64"

[tools.shfmt."platforms.macos-arm64"]
checksum = "sha256:650970603b5946dc6041836ddcfa7a19d99b5da885e4687f64575508e99cf718"
url = "https://github.com/mvdan/sh/releases/download/v3.13.0/shfmt_v3.13.0_darwin_arm64"

[tools.shfmt."platforms.macos-x64"]
checksum = "sha256:b6890a0009abf71d36d7c536ad56e3132c547ceb77cd5d5ee62b3469ab4e9417"
url = "https://github.com/mvdan/sh/releases/download/v3.13.0/shfmt_v3.13.0_darwin_amd64"

[tools.shfmt."platforms.windows-x64"]
checksum = "sha256:62241aaf6b0ca236f8625d8892784b73fa67ad40bc677a1ad1a64ae395f6a7d5"
url = "https://github.com/mvdan/sh/releases/download/v3.13.0/shfmt_v3.13.0_windows_amd64.exe"

[[tools.sops]]
version = "3.12.2"
backend = "aqua:getsops/sops"

[tools.sops."platforms.linux-arm64"]
checksum = "sha256:f66de6f528dca946e910d74fa36a62a7714c11d0db16bd3c9bd8acf73b66704b"
url = "https://github.com/getsops/sops/releases/download/v3.12.2/sops-v3.12.2.linux.arm64"
provenance = "slsa"

[tools.sops."platforms.linux-arm64-musl"]
checksum = "sha256:f66de6f528dca946e910d74fa36a62a7714c11d0db16bd3c9bd8acf73b66704b"
url = "https://github.com/getsops/sops/releases/download/v3.12.2/sops-v3.12.2.linux.arm64"
provenance = "slsa"

[tools.sops."platforms.linux-x64"]
checksum = "sha256:14e2e1ba3bef31e74b70cf0b674f6443c80f6c5f3df15d05ffc57c34851b4998"
url = "https://github.com/getsops/sops/releases/download/v3.12.2/sops-v3.12.2.linux.amd64"
provenance = "slsa"

[tools.sops."platforms.linux-x64-musl"]
checksum = "sha256:14e2e1ba3bef31e74b70cf0b674f6443c80f6c5f3df15d05ffc57c34851b4998"
url = "https://github.com/getsops/sops/releases/download/v3.12.2/sops-v3.12.2.linux.amd64"
provenance = "slsa"

[tools.sops."platforms.macos-arm64"]
checksum = "sha256:284edc64acf91ca249f227ffa2b444632656e4e1ac02baa26bed7051a7d51ce5"
url = "https://github.com/getsops/sops/releases/download/v3.12.2/sops-v3.12.2.darwin.arm64"
provenance = "slsa"

[tools.sops."platforms.macos-x64"]
checksum = "sha256:767c0dcb42e052fd6f2ac17d4473eca6f5fc4910e2b70127f1308d86c606c022"
url = "https://github.com/getsops/sops/releases/download/v3.12.2/sops-v3.12.2.darwin.amd64"
provenance = "slsa"

[tools.sops."platforms.windows-x64"]
checksum = "sha256:5e777b1854ab2a6271d8f66375970e1fe3eea838251c309de151d16a2bdf13a2"
url = "https://github.com/getsops/sops/releases/download/v3.12.2/sops-v3.12.2.amd64.exe"
provenance = "slsa"

[[tools.task]]
version = "3.50.0"
backend = "aqua:go-task/task"

[tools.task."platforms.linux-arm64"]
checksum = "sha256:ee67e7d999a4a70711bff1946c70bf76628012c91d9be55626ee90ba976897da"
url = "https://github.com/go-task/task/releases/download/v3.50.0/task_linux_arm64.tar.gz"

[tools.task."platforms.linux-arm64-musl"]
checksum = "sha256:ee67e7d999a4a70711bff1946c70bf76628012c91d9be55626ee90ba976897da"
url = "https://github.com/go-task/task/releases/download/v3.50.0/task_linux_arm64.tar.gz"

[tools.task."platforms.linux-x64"]
checksum = "sha256:d449ba85ab85a0769989d78f8b9872938e4ba9347f7f4f925f73d98272a0a655"
url = "https://github.com/go-task/task/releases/download/v3.50.0/task_linux_amd64.tar.gz"

[tools.task."platforms.linux-x64-musl"]
checksum = "sha256:d449ba85ab85a0769989d78f8b9872938e4ba9347f7f4f925f73d98272a0a655"
url = "https://github.com/go-task/task/releases/download/v3.50.0/task_linux_amd64.tar.gz"

[tools.task."platforms.macos-arm64"]
checksum = "sha256:838b7954f227b5e8f798ad83111195aed810cf4f98dfabef4aa77ea065dd74b0"
url = "https://github.com/go-task/task/releases/download/v3.50.0/task_darwin_arm64.tar.gz"

[tools.task."platforms.macos-x64"]
checksum = "sha256:da3ba003ec049fb8be1ff798132c951dcd08a60efbdc2d1e918bf2095cd4a39c"
url = "https://github.com/go-task/task/releases/download/v3.50.0/task_darwin_amd64.tar.gz"

[tools.task."platforms.windows-x64"]
checksum = "sha256:82c20fbd19ac62073b8ecf89e026fbd209f702a2922106e4ff2ed6934d193038"
url = "https://github.com/go-task/task/releases/download/v3.50.0/task_windows_amd64.zip"

[[tools.trivy]]
version = "0.69.3"
backend = "aqua:aquasecurity/trivy"

[tools.trivy."platforms.linux-arm64"]
checksum = "sha256:7e3924a974e912e57b4a99f65ece7931f8079584dae12eb7845024f97087bdfd"
url = "https://github.com/aquasecurity/trivy/releases/download/v0.69.3/trivy_0.69.3_Linux-ARM64.tar.gz"
provenance = "cosign"

[tools.trivy."platforms.linux-arm64-musl"]
checksum = "sha256:7e3924a974e912e57b4a99f65ece7931f8079584dae12eb7845024f97087bdfd"
url = "https://github.com/aquasecurity/trivy/releases/download/v0.69.3/trivy_0.69.3_Linux-ARM64.tar.gz"
provenance = "cosign"

[tools.trivy."platforms.linux-x64"]
checksum = "sha256:1816b632dfe529869c740c0913e36bd1629cb7688bd5634f4a858c1d57c88b75"
url = "https://github.com/aquasecurity/trivy/releases/download/v0.69.3/trivy_0.69.3_Linux-64bit.tar.gz"
provenance = "cosign"

[tools.trivy."platforms.linux-x64-musl"]
checksum = "sha256:1816b632dfe529869c740c0913e36bd1629cb7688bd5634f4a858c1d57c88b75"
url = "https://github.com/aquasecurity/trivy/releases/download/v0.69.3/trivy_0.69.3_Linux-64bit.tar.gz"
provenance = "cosign"

[tools.trivy."platforms.macos-arm64"]
checksum = "sha256:a2f2179afd4f8bb265ca3c7aefb56a666bc4a9a411663bc0f22c3549fbc643a5"
url = "https://github.com/aquasecurity/trivy/releases/download/v0.69.3/trivy_0.69.3_macOS-ARM64.tar.gz"
provenance = "cosign"

[tools.trivy."platforms.macos-x64"]
checksum = "sha256:fec4a9f7569b624dd9d044fca019e5da69e032700edbb1d7318972c448ec2f4e"
url = "https://github.com/aquasecurity/trivy/releases/download/v0.69.3/trivy_0.69.3_macOS-64bit.tar.gz"
provenance = "cosign"

[tools.trivy."platforms.windows-x64"]
checksum = "sha256:74362dc711383255308230ecbeb587eb1e4e83a8d332be5b0259afac6e0c2224"
url = "https://github.com/aquasecurity/trivy/releases/download/v0.69.3/trivy_0.69.3_windows-64bit.zip"
provenance = "cosign"

[[tools.yamlfmt]]
version = "0.21.0"
backend = "aqua:google/yamlfmt"

[tools.yamlfmt."platforms.linux-arm64"]
checksum = "sha256:5b2689c963b177271330c5ce8ca7396751107e5a826be46f03d2cb9b6f0c7784"
url = "https://github.com/google/yamlfmt/releases/download/v0.21.0/yamlfmt_0.21.0_Linux_arm64.tar.gz"

[tools.yamlfmt."platforms.linux-arm64-musl"]
checksum = "sha256:5b2689c963b177271330c5ce8ca7396751107e5a826be46f03d2cb9b6f0c7784"
url = "https://github.com/google/yamlfmt/releases/download/v0.21.0/yamlfmt_0.21.0_Linux_arm64.tar.gz"

[tools.yamlfmt."platforms.linux-x64"]
checksum = "sha256:1f300d9257b232bb3b541d7fb1b0e6b3c121bcbab381c86cd38cb8722be8a566"
url = "https://github.com/google/yamlfmt/releases/download/v0.21.0/yamlfmt_0.21.0_Linux_x86_64.tar.gz"

[tools.yamlfmt."platforms.linux-x64-musl"]
checksum = "sha256:1f300d9257b232bb3b541d7fb1b0e6b3c121bcbab381c86cd38cb8722be8a566"
url = "https://github.com/google/yamlfmt/releases/download/v0.21.0/yamlfmt_0.21.0_Linux_x86_64.tar.gz"

[tools.yamlfmt."platforms.macos-arm64"]
checksum = "sha256:4b417ecb94339d57e4c122ecc948c1a00fe328b5853266de9806e652a92858fa"
url = "https://github.com/google/yamlfmt/releases/download/v0.21.0/yamlfmt_0.21.0_Darwin_arm64.tar.gz"

[tools.yamlfmt."platforms.macos-x64"]
checksum = "sha256:060e943bcb8583c456810eb1ff4721b4f46c4a0c1a4432449d5dc3bbfe29a22b"
url = "https://github.com/google/yamlfmt/releases/download/v0.21.0/yamlfmt_0.21.0_Darwin_x86_64.tar.gz"

[tools.yamlfmt."platforms.windows-x64"]
checksum = "sha256:07f80ce5d741eb4b0a9380ac78a19c7cb5bd44e2a9a47a5a04839e3ba54dd463"
url = "https://github.com/google/yamlfmt/releases/download/v0.21.0/yamlfmt_0.21.0_Windows_x86_64.tar.gz"

[[tools.yq]]
version = "4.52.5"
backend = "aqua:mikefarah/yq"

[tools.yq."platforms.linux-arm64"]
checksum = "sha256:90fa510c50ee8ca75544dbfffed10c88ed59b36834df35916520cddc623d9aaa"
url = "https://github.com/mikefarah/yq/releases/download/v4.52.5/yq_linux_arm64"

[tools.yq."platforms.linux-arm64-musl"]
checksum = "sha256:90fa510c50ee8ca75544dbfffed10c88ed59b36834df35916520cddc623d9aaa"
url = "https://github.com/mikefarah/yq/releases/download/v4.52.5/yq_linux_arm64"

[tools.yq."platforms.linux-x64"]
checksum = "sha256:75d893a0d5940d1019cb7cdc60001d9e876623852c31cfc6267047bc31149fa9"
url = "https://github.com/mikefarah/yq/releases/download/v4.52.5/yq_linux_amd64"

[tools.yq."platforms.linux-x64-musl"]
checksum = "sha256:75d893a0d5940d1019cb7cdc60001d9e876623852c31cfc6267047bc31149fa9"
url = "https://github.com/mikefarah/yq/releases/download/v4.52.5/yq_linux_amd64"

[tools.yq."platforms.macos-arm64"]
checksum = "sha256:45a12e64d4bd8a31c72ee1b889e81f1b1110e801baad3d6f030c111db0068de0"
url = "https://github.com/mikefarah/yq/releases/download/v4.52.5/yq_darwin_arm64"

[tools.yq."platforms.macos-x64"]
checksum = "sha256:6e399d1eb466860c3202d231727197fdce055888c5c7bec6964156983dd1559d"
url = "https://github.com/mikefarah/yq/releases/download/v4.52.5/yq_darwin_amd64"

[tools.yq."platforms.windows-x64"]
checksum = "sha256:47594981f3848a4b4447494adeca9555f908f7cf0a89c4da3fd0243a4631da1c"
url = "https://github.com/mikefarah/yq/releases/download/v4.52.5/yq_windows_amd64.exe"

[[tools.zizmor]]
version = "1.23.1"
backend = "aqua:zizmorcore/zizmor"

[tools.zizmor."platforms.linux-arm64"]
checksum = "sha256:3725d7cd7102e4d70827186389f7d5930b6878232930d0a3eb058d7e5b47e658"
url = "https://github.com/zizmorcore/zizmor/releases/download/v1.23.1/zizmor-aarch64-unknown-linux-gnu.tar.gz"
provenance = "github-attestations"

[tools.zizmor."platforms.linux-arm64-musl"]
checksum = "sha256:3725d7cd7102e4d70827186389f7d5930b6878232930d0a3eb058d7e5b47e658"
url = "https://github.com/zizmorcore/zizmor/releases/download/v1.23.1/zizmor-aarch64-unknown-linux-gnu.tar.gz"

[tools.zizmor."platforms.linux-x64"]
checksum = "sha256:67a8df0a14352dd81882e14876653d097b99b0f4f6b6fe798edc0320cff27aff"
url = "https://github.com/zizmorcore/zizmor/releases/download/v1.23.1/zizmor-x86_64-unknown-linux-gnu.tar.gz"
provenance = "github-attestations"

[tools.zizmor."platforms.linux-x64-musl"]
checksum = "sha256:67a8df0a14352dd81882e14876653d097b99b0f4f6b6fe798edc0320cff27aff"
url = "https://github.com/zizmorcore/zizmor/releases/download/v1.23.1/zizmor-x86_64-unknown-linux-gnu.tar.gz"

[tools.zizmor."platforms.macos-arm64"]
checksum = "sha256:2632561b974c69f952258c1ab4b7432d5c7f92e555704155c3ac28a2910bd717"
url = "https://github.com/zizmorcore/zizmor/releases/download/v1.23.1/zizmor-aarch64-apple-darwin.tar.gz"

[tools.zizmor."platforms.macos-x64"]
checksum = "sha256:89d5ed42081dd9d0433a10b7545fac42b35f1f030885c278b9712b32c66f2597"
url = "https://github.com/zizmorcore/zizmor/releases/download/v1.23.1/zizmor-x86_64-apple-darwin.tar.gz"

[tools.zizmor."platforms.windows-x64"]
checksum = "sha256:33c2293ff02834720dd7cd8b47348aafb2e95a19bdc993c0ecaca9c804ade92a"
url = "https://github.com/zizmorcore/zizmor/releases/download/v1.23.1/zizmor-x86_64-pc-windows-msvc.zip"
